
Microsoft Visual Studio Solution File, Format Version 12.00
# Visual Studio 15
VisualStudioVersion = 15.0.28307.2017
MinimumVisualStudioVersion = 10.0.40219.1
Project("{FAE04EC0-301F-11D3-BF4B-00C04F79EFBC}") = "Sales.Android", "Sales\Sales.Android\Sales.Android.csproj", "{5953541D-C025-4505-A596-D2B54815CC81}"
EndProject
Project("{FAE04EC0-301F-11D3-BF4B-00C04F79EFBC}") = "Sales.iOS", "Sales\Sales.iOS\Sales.iOS.csproj", "{0D741764-362E-4B8B-93E3-148FC88CA189}"
EndProject
Project("{FAE04EC0-301F-11D3-BF4B-00C04F79EFBC}") = "Sales.UWP", "Sales\Sales.UWP\Sales.UWP.csproj", "{8437D4C1-66D6-4771-B92C-7F10ADC3E08B}"
EndProject
Project("{FAE04EC0-301F-11D3-BF4B-00C04F79EFBC}") = "Sales", "Sales\Sales\Sales.csproj", "{C88EEA0F-E732-4543-80FD-DC3BB0880825}"
EndProject
Project("{FAE04EC0-301F-11D3-BF4B-00C04F79EFBC}") = "Sales.Backend", "Sales.Backend\Sales.Backend.csproj", "{9B8EE955-FA5F-404C-81F6-19FF2D7F185B}"
EndProject
Project("{FAE04EC0-301F-11D3-BF4B-00C04F79EFBC}") = "Sales.API", "Sales.API\Sales.API.csproj", "{25D5F82E-0A78-4EEB-80C7-84766F4B474A}"
EndProject
Project("{FAE04EC0-301F-11D3-BF4B-00C04F79EFBC}") = "Sales.Domain", "Sales.Domain\Sales.Domain.csproj", "{D5FEA565-A3BC-4F09-A9F4-076C45AF057C}"
EndProject
Project("{FAE04EC0-301F-11D3-BF4B-00C04F79EFBC}") = "Sales.Common", "Sales.Common\Sales.Common.csproj", "{266B4931-4936-436C-83D5-2F75D7E13A33}"
EndProject
Global
	GlobalSection(SolutionConfigurationPlatforms) = preSolution
		Ad-Hoc|Any CPU = Ad-Hoc|Any CPU
		Ad-Hoc|ARM = Ad-Hoc|ARM
		Ad-Hoc|iPhone = Ad-Hoc|iPhone
		Ad-Hoc|iPhoneSimulator = Ad-Hoc|iPhoneSimulator
		Ad-Hoc|x64 = Ad-Hoc|x64
		Ad-Hoc|x86 = Ad-Hoc|x86
		AppStore|Any CPU = AppStore|Any CPU
		AppStore|ARM = AppStore|ARM
		AppStore|iPhone = AppStore|iPhone
		AppStore|iPhoneSimulator = AppStore|iPhoneSimulator
		AppStore|x64 = AppStore|x64
		AppStore|x86 = AppStore|x86
		Debug|Any CPU = Debug|Any CPU
		Debug|ARM = Debug|ARM
		Debug|iPhone = Debug|iPhone
		Debug|iPhoneSimulator = Debug|iPhoneSimulator
		Debug|x64 = Debug|x64
		Debug|x86 = Debug|x86
		Release|Any CPU = Release|Any CPU
		Release|ARM = Release|ARM
		Release|iPhone = Release|iPhone
		Release|iPhoneSimulator = Release|iPhoneSimulator
		Release|x64 = Release|x64
		Release|x86 = Release|x86
	EndGlobalSection
	GlobalSection(ProjectConfigurationPlatforms) = postSolution
		{5953541D-C025-4505-A596-D2B54815CC81}.Ad-Hoc|Any CPU.ActiveCfg = Release|Any CPU
		{5953541D-C025-4505-A596-D2B54815CC81}.Ad-Hoc|Any CPU.Build.0 = Release|Any CPU
		{5953541D-C025-4505-A596-D2B54815CC81}.Ad-Hoc|Any CPU.Deploy.0 = Release|Any CPU
		{5953541D-C025-4505-A596-D2B54815CC81}.Ad-Hoc|ARM.ActiveCfg = Release|Any CPU
		{5953541D-C025-4505-A596-D2B54815CC81}.Ad-Hoc|ARM.Build.0 = Release|Any CPU
		{5953541D-C025-4505-A596-D2B54815CC81}.Ad-Hoc|ARM.Deploy.0 = Release|Any CPU
		{5953541D-C025-4505-A596-D2B54815CC81}.Ad-Hoc|iPhone.ActiveCfg = Release|Any CPU
		{5953541D-C025-4505-A596-D2B54815CC81}.Ad-Hoc|iPhone.Build.0 = Release|Any CPU
		{5953541D-C025-4505-A596-D2B54815CC81}.Ad-Hoc|iPhone.Deploy.0 = Release|Any CPU
		{5953541D-C025-4505-A596-D2B54815CC81}.Ad-Hoc|iPhoneSimulator.ActiveCfg = Release|Any CPU
		{5953541D-C025-4505-A596-D2B54815CC81}.Ad-Hoc|iPhoneSimulator.Build.0 = Release|Any CPU
		{5953541D-C025-4505-A596-D2B54815CC81}.Ad-Hoc|iPhoneSimulator.Deploy.0 = Release|Any CPU
		{5953541D-C025-4505-A596-D2B54815CC81}.Ad-Hoc|x64.ActiveCfg = Release|Any CPU
		{5953541D-C025-4505-A596-D2B54815CC81}.Ad-Hoc|x64.Build.0 = Release|Any CPU
		{5953541D-C025-4505-A596-D2B54815CC81}.Ad-Hoc|x64.Deploy.0 = Release|Any CPU
		{5953541D-C025-4505-A596-D2B54815CC81}.Ad-Hoc|x86.ActiveCfg = Release|Any CPU
		{5953541D-C025-4505-A596-D2B54815CC81}.Ad-Hoc|x86.Build.0 = Release|Any CPU
		{5953541D-C025-4505-A596-D2B54815CC81}.Ad-Hoc|x86.Deploy.0 = Release|Any CPU
		{5953541D-C025-4505-A596-D2B54815CC81}.AppStore|Any CPU.ActiveCfg = Release|Any CPU
		{5953541D-C025-4505-A596-D2B54815CC81}.AppStore|Any CPU.Build.0 = Release|Any CPU
		{5953541D-C025-4505-A596-D2B54815CC81}.AppStore|Any CPU.Deploy.0 = Release|Any CPU
		{5953541D-C025-4505-A596-D2B54815CC81}.AppStore|ARM.ActiveCfg = Release|Any CPU
		{5953541D-C025-4505-A596-D2B54815CC81}.AppStore|ARM.Build.0 = Release|Any CPU
		{5953541D-C025-4505-A596-D2B54815CC81}.AppStore|ARM.Deploy.0 = Release|Any CPU
		{5953541D-C025-4505-A596-D2B54815CC81}.AppStore|iPhone.ActiveCfg = Release|Any CPU
		{5953541D-C025-4505-A596-D2B54815CC81}.AppStore|iPhone.Build.0 = Release|Any CPU
		{5953541D-C025-4505-A596-D2B54815CC81}.AppStore|iPhone.Deploy.0 = Release|Any CPU
		{5953541D-C025-4505-A596-D2B54815CC81}.AppStore|iPhoneSimulator.ActiveCfg = Release|Any CPU
		{5953541D-C025-4505-A596-D2B54815CC81}.AppStore|iPhoneSimulator.Build.0 = Release|Any CPU
		{5953541D-C025-4505-A596-D2B54815CC81}.AppStore|iPhoneSimulator.Deploy.0 = Release|Any CPU
		{5953541D-C025-4505-A596-D2B54815CC81}.AppStore|x64.ActiveCfg = Release|Any CPU
		{5953541D-C025-4505-A596-D2B54815CC81}.AppStore|x64.Build.0 = Release|Any CPU
		{5953541D-C025-4505-A596-D2B54815CC81}.AppStore|x64.Deploy.0 = Release|Any CPU
		{5953541D-C025-4505-A596-D2B54815CC81}.AppStore|x86.ActiveCfg = Release|Any CPU
		{5953541D-C025-4505-A596-D2B54815CC81}.AppStore|x86.Build.0 = Release|Any CPU
		{5953541D-C025-4505-A596-D2B54815CC81}.AppStore|x86.Deploy.0 = Release|Any CPU
		{5953541D-C025-4505-A596-D2B54815CC81}.Debug|Any CPU.ActiveCfg = Debug|Any CPU
		{5953541D-C025-4505-A596-D2B54815CC81}.Debug|Any CPU.Build.0 = Debug|Any CPU
		{5953541D-C025-4505-A596-D2B54815CC81}.Debug|Any CPU.Deploy.0 = Debug|Any CPU
		{5953541D-C025-4505-A596-D2B54815CC81}.Debug|ARM.ActiveCfg = Debug|Any CPU
		{5953541D-C025-4505-A596-D2B54815CC81}.Debug|ARM.Build.0 = Debug|Any CPU
		{5953541D-C025-4505-A596-D2B54815CC81}.Debug|ARM.Deploy.0 = Debug|Any CPU
		{5953541D-C025-4505-A596-D2B54815CC81}.Debug|iPhone.ActiveCfg = Debug|Any CPU
		{5953541D-C025-4505-A596-D2B54815CC81}.Debug|iPhone.Build.0 = Debug|Any CPU
		{5953541D-C025-4505-A596-D2B54815CC81}.Debug|iPhone.Deploy.0 = Debug|Any CPU
		{5953541D-C025-4505-A596-D2B54815CC81}.Debug|iPhoneSimulator.ActiveCfg = Debug|Any CPU
		{5953541D-C025-4505-A596-D2B54815CC81}.Debug|iPhoneSimulator.Build.0 = Debug|Any CPU
		{5953541D-C025-4505-A596-D2B54815CC81}.Debug|iPhoneSimulator.Deploy.0 = Debug|Any CPU
		{5953541D-C025-4505-A596-D2B54815CC81}.Debug|x64.ActiveCfg = Debug|Any CPU
		{5953541D-C025-4505-A596-D2B54815CC81}.Debug|x64.Build.0 = Debug|Any CPU
		{5953541D-C025-4505-A596-D2B54815CC81}.Debug|x64.Deploy.0 = Debug|Any CPU
		{5953541D-C025-4505-A596-D2B54815CC81}.Debug|x86.ActiveCfg = Debug|Any CPU
		{5953541D-C025-4505-A596-D2B54815CC81}.Debug|x86.Build.0 = Debug|Any CPU
		{5953541D-C025-4505-A596-D2B54815CC81}.Debug|x86.Deploy.0 = Debug|Any CPU
		{5953541D-C025-4505-A596-D2B54815CC81}.Release|Any CPU.ActiveCfg = Release|Any CPU
		{5953541D-C025-4505-A596-D2B54815CC81}.Release|Any CPU.Build.0 = Release|Any CPU
		{5953541D-C025-4505-A596-D2B54815CC81}.Release|Any CPU.Deploy.0 = Release|Any CPU
		{5953541D-C025-4505-A596-D2B54815CC81}.Release|ARM.ActiveCfg = Release|Any CPU
		{5953541D-C025-4505-A596-D2B54815CC81}.Release|ARM.Build.0 = Release|Any CPU
		{5953541D-C025-4505-A596-D2B54815CC81}.Release|ARM.Deploy.0 = Release|Any CPU
		{5953541D-C025-4505-A596-D2B54815CC81}.Release|iPhone.ActiveCfg = Release|Any CPU
		{5953541D-C025-4505-A596-D2B54815CC81}.Release|iPhone.Build.0 = Release|Any CPU
		{5953541D-C025-4505-A596-D2B54815CC81}.Release|iPhone.Deploy.0 = Release|Any CPU
		{5953541D-C025-4505-A596-D2B54815CC81}.Release|iPhoneSimulator.ActiveCfg = Release|Any CPU
		{5953541D-C025-4505-A596-D2B54815CC81}.Release|iPhoneSimulator.Build.0 = Release|Any CPU
		{5953541D-C025-4505-A596-D2B54815CC81}.Release|iPhoneSimulator.Deploy.0 = Release|Any CPU
		{5953541D-C025-4505-A596-D2B54815CC81}.Release|x64.ActiveCfg = Release|Any CPU
		{5953541D-C025-4505-A596-D2B54815CC81}.Release|x64.Build.0 = Release|Any CPU
		{5953541D-C025-4505-A596-D2B54815CC81}.Release|x64.Deploy.0 = Release|Any CPU
		{5953541D-C025-4505-A596-D2B54815CC81}.Release|x86.ActiveCfg = Release|Any CPU
		{5953541D-C025-4505-A596-D2B54815CC81}.Release|x86.Build.0 = Release|Any CPU
		{5953541D-C025-4505-A596-D2B54815CC81}.Release|x86.Deploy.0 = Release|Any CPU
		{0D741764-362E-4B8B-93E3-148FC88CA189}.Ad-Hoc|Any CPU.ActiveCfg = Ad-Hoc|iPhone
		{0D741764-362E-4B8B-93E3-148FC88CA189}.Ad-Hoc|Any CPU.Build.0 = Ad-Hoc|iPhone
		{0D741764-362E-4B8B-93E3-148FC88CA189}.Ad-Hoc|Any CPU.Deploy.0 = Ad-Hoc|iPhone
		{0D741764-362E-4B8B-93E3-148FC88CA189}.Ad-Hoc|ARM.ActiveCfg = Ad-Hoc|iPhone
		{0D741764-362E-4B8B-93E3-148FC88CA189}.Ad-Hoc|ARM.Build.0 = Ad-Hoc|iPhone
		{0D741764-362E-4B8B-93E3-148FC88CA189}.Ad-Hoc|ARM.Deploy.0 = Ad-Hoc|iPhone
		{0D741764-362E-4B8B-93E3-148FC88CA189}.Ad-Hoc|iPhone.ActiveCfg = Ad-Hoc|iPhone
		{0D741764-362E-4B8B-93E3-148FC88CA189}.Ad-Hoc|iPhone.Build.0 = Ad-Hoc|iPhone
		{0D741764-362E-4B8B-93E3-148FC88CA189}.Ad-Hoc|iPhone.Deploy.0 = Ad-Hoc|iPhone
		{0D741764-362E-4B8B-93E3-148FC88CA189}.Ad-Hoc|iPhoneSimulator.ActiveCfg = Ad-Hoc|iPhoneSimulator
		{0D741764-362E-4B8B-93E3-148FC88CA189}.Ad-Hoc|iPhoneSimulator.Build.0 = Ad-Hoc|iPhoneSimulator
		{0D741764-362E-4B8B-93E3-148FC88CA189}.Ad-Hoc|iPhoneSimulator.Deploy.0 = Ad-Hoc|iPhoneSimulator
		{0D741764-362E-4B8B-93E3-148FC88CA189}.Ad-Hoc|x64.ActiveCfg = Ad-Hoc|iPhone
		{0D741764-362E-4B8B-93E3-148FC88CA189}.Ad-Hoc|x64.Build.0 = Ad-Hoc|iPhone
		{0D741764-362E-4B8B-93E3-148FC88CA189}.Ad-Hoc|x64.Deploy.0 = Ad-Hoc|iPhone
		{0D741764-362E-4B8B-93E3-148FC88CA189}.Ad-Hoc|x86.ActiveCfg = Ad-Hoc|iPhone
		{0D741764-362E-4B8B-93E3-148FC88CA189}.Ad-Hoc|x86.Build.0 = Ad-Hoc|iPhone
		{0D741764-362E-4B8B-93E3-148FC88CA189}.Ad-Hoc|x86.Deploy.0 = Ad-Hoc|iPhone
		{0D741764-362E-4B8B-93E3-148FC88CA189}.AppStore|Any CPU.ActiveCfg = AppStore|iPhone
		{0D741764-362E-4B8B-93E3-148FC88CA189}.AppStore|Any CPU.Build.0 = AppStore|iPhone
		{0D741764-362E-4B8B-93E3-148FC88CA189}.AppStore|Any CPU.Deploy.0 = AppStore|iPhone
		{0D741764-362E-4B8B-93E3-148FC88CA189}.AppStore|ARM.ActiveCfg = AppStore|iPhone
		{0D741764-362E-4B8B-93E3-148FC88CA189}.AppStore|ARM.Build.0 = AppStore|iPhone
		{0D741764-362E-4B8B-93E3-148FC88CA189}.AppStore|ARM.Deploy.0 = AppStore|iPhone
		{0D741764-362E-4B8B-93E3-148FC88CA189}.AppStore|iPhone.ActiveCfg = AppStore|iPhone
		{0D741764-362E-4B8B-93E3-148FC88CA189}.AppStore|iPhone.Build.0 = AppStore|iPhone
		{0D741764-362E-4B8B-93E3-148FC88CA189}.AppStore|iPhone.Deploy.0 = AppStore|iPhone
		{0D741764-362E-4B8B-93E3-148FC88CA189}.AppStore|iPhoneSimulator.ActiveCfg = AppStore|iPhoneSimulator
		{0D741764-362E-4B8B-93E3-148FC88CA189}.AppStore|iPhoneSimulator.Build.0 = AppStore|iPhoneSimulator
		{0D741764-362E-4B8B-93E3-148FC88CA189}.AppStore|iPhoneSimulator.Deploy.0 = AppStore|iPhoneSimulator
		{0D741764-362E-4B8B-93E3-148FC88CA189}.AppStore|x64.ActiveCfg = AppStore|iPhone
		{0D741764-362E-4B8B-93E3-148FC88CA189}.AppStore|x64.Build.0 = AppStore|iPhone
		{0D741764-362E-4B8B-93E3-148FC88CA189}.AppStore|x64.Deploy.0 = AppStore|iPhone
		{0D741764-362E-4B8B-93E3-148FC88CA189}.AppStore|x86.ActiveCfg = AppStore|iPhone
		{0D741764-362E-4B8B-93E3-148FC88CA189}.AppStore|x86.Build.0 = AppStore|iPhone
		{0D741764-362E-4B8B-93E3-148FC88CA189}.AppStore|x86.Deploy.0 = AppStore|iPhone
		{0D741764-362E-4B8B-93E3-148FC88CA189}.Debug|Any CPU.ActiveCfg = Debug|iPhoneSimulator
		{0D741764-362E-4B8B-93E3-148FC88CA189}.Debug|Any CPU.Build.0 = Debug|iPhoneSimulator
		{0D741764-362E-4B8B-93E3-148FC88CA189}.Debug|Any CPU.Deploy.0 = Debug|iPhoneSimulator
		{0D741764-362E-4B8B-93E3-148FC88CA189}.Debug|ARM.ActiveCfg = Debug|iPhone
		{0D741764-362E-4B8B-93E3-148FC88CA189}.Debug|ARM.Build.0 = Debug|iPhone
		{0D741764-362E-4B8B-93E3-148FC88CA189}.Debug|ARM.Deploy.0 = Debug|iPhone
		{0D741764-362E-4B8B-93E3-148FC88CA189}.Debug|iPhone.ActiveCfg = Debug|iPhone
		{0D741764-362E-4B8B-93E3-148FC88CA189}.Debug|iPhone.Build.0 = Debug|iPhone
		{0D741764-362E-4B8B-93E3-148FC88CA189}.Debug|iPhone.Deploy.0 = Debug|iPhone
		{0D741764-362E-4B8B-93E3-148FC88CA189}.Debug|iPhoneSimulator.ActiveCfg = Debug|iPhoneSimulator
		{0D741764-362E-4B8B-93E3-148FC88CA189}.Debug|iPhoneSimulator.Build.0 = Debug|iPhoneSimulator
		{0D741764-362E-4B8B-93E3-148FC88CA189}.Debug|iPhoneSimulator.Deploy.0 = Debug|iPhoneSimulator
		{0D741764-362E-4B8B-93E3-148FC88CA189}.Debug|x64.ActiveCfg = Debug|iPhone
		{0D741764-362E-4B8B-93E3-148FC88CA189}.Debug|x64.Build.0 = Debug|iPhone
		{0D741764-362E-4B8B-93E3-148FC88CA189}.Debug|x64.Deploy.0 = Debug|iPhone
		{0D741764-362E-4B8B-93E3-148FC88CA189}.Debug|x86.ActiveCfg = Debug|iPhone
		{0D741764-362E-4B8B-93E3-148FC88CA189}.Debug|x86.Build.0 = Debug|iPhone
		{0D741764-362E-4B8B-93E3-148FC88CA189}.Debug|x86.Deploy.0 = Debug|iPhone
		{0D741764-362E-4B8B-93E3-148FC88CA189}.Release|Any CPU.ActiveCfg = Release|iPhone
		{0D741764-362E-4B8B-93E3-148FC88CA189}.Release|Any CPU.Build.0 = Release|iPhone
		{0D741764-362E-4B8B-93E3-148FC88CA189}.Release|Any CPU.Deploy.0 = Release|iPhone
		{0D741764-362E-4B8B-93E3-148FC88CA189}.Release|ARM.ActiveCfg = Release|iPhone
		{0D741764-362E-4B8B-93E3-148FC88CA189}.Release|ARM.Build.0 = Release|iPhone
		{0D741764-362E-4B8B-93E3-148FC88CA189}.Release|ARM.Deploy.0 = Release|iPhone
		{0D741764-362E-4B8B-93E3-148FC88CA189}.Release|iPhone.ActiveCfg = Release|iPhone
		{0D741764-362E-4B8B-93E3-148FC88CA189}.Release|iPhone.Build.0 = Release|iPhone
		{0D741764-362E-4B8B-93E3-148FC88CA189}.Release|iPhone.Deploy.0 = Release|iPhone
		{0D741764-362E-4B8B-93E3-148FC88CA189}.Release|iPhoneSimulator.ActiveCfg = Release|iPhoneSimulator
		{0D741764-362E-4B8B-93E3-148FC88CA189}.Release|iPhoneSimulator.Build.0 = Release|iPhoneSimulator
		{0D741764-362E-4B8B-93E3-148FC88CA189}.Release|iPhoneSimulator.Deploy.0 = Release|iPhoneSimulator
		{0D741764-362E-4B8B-93E3-148FC88CA189}.Release|x64.ActiveCfg = Release|iPhone
		{0D741764-362E-4B8B-93E3-148FC88CA189}.Release|x64.Build.0 = Release|iPhone
		{0D741764-362E-4B8B-93E3-148FC88CA189}.Release|x64.Deploy.0 = Release|iPhone
		{0D741764-362E-4B8B-93E3-148FC88CA189}.Release|x86.ActiveCfg = Release|iPhone
		{0D741764-362E-4B8B-93E3-148FC88CA189}.Release|x86.Build.0 = Release|iPhone
		{0D741764-362E-4B8B-93E3-148FC88CA189}.Release|x86.Deploy.0 = Release|iPhone
		{8437D4C1-66D6-4771-B92C-7F10ADC3E08B}.Ad-Hoc|Any CPU.ActiveCfg = Release|x86
		{8437D4C1-66D6-4771-B92C-7F10ADC3E08B}.Ad-Hoc|Any CPU.Build.0 = Release|x86
		{8437D4C1-66D6-4771-B92C-7F10ADC3E08B}.Ad-Hoc|Any CPU.Deploy.0 = Release|x86
		{8437D4C1-66D6-4771-B92C-7F10ADC3E08B}.Ad-Hoc|ARM.ActiveCfg = Release|ARM
		{8437D4C1-66D6-4771-B92C-7F10ADC3E08B}.Ad-Hoc|ARM.Build.0 = Release|ARM
		{8437D4C1-66D6-4771-B92C-7F10ADC3E08B}.Ad-Hoc|ARM.Deploy.0 = Release|ARM
		{8437D4C1-66D6-4771-B92C-7F10ADC3E08B}.Ad-Hoc|iPhone.ActiveCfg = Release|x86
		{8437D4C1-66D6-4771-B92C-7F10ADC3E08B}.Ad-Hoc|iPhone.Build.0 = Release|x86
		{8437D4C1-66D6-4771-B92C-7F10ADC3E08B}.Ad-Hoc|iPhone.Deploy.0 = Release|x86
		{8437D4C1-66D6-4771-B92C-7F10ADC3E08B}.Ad-Hoc|iPhoneSimulator.ActiveCfg = Release|x86
		{8437D4C1-66D6-4771-B92C-7F10ADC3E08B}.Ad-Hoc|iPhoneSimulator.Build.0 = Release|x86
		{8437D4C1-66D6-4771-B92C-7F10ADC3E08B}.Ad-Hoc|iPhoneSimulator.Deploy.0 = Release|x86
		{8437D4C1-66D6-4771-B92C-7F10ADC3E08B}.Ad-Hoc|x64.ActiveCfg = Release|x64
		{8437D4C1-66D6-4771-B92C-7F10ADC3E08B}.Ad-Hoc|x64.Build.0 = Release|x64
		{8437D4C1-66D6-4771-B92C-7F10ADC3E08B}.Ad-Hoc|x64.Deploy.0 = Release|x64
		{8437D4C1-66D6-4771-B92C-7F10ADC3E08B}.Ad-Hoc|x86.ActiveCfg = Release|x86
		{8437D4C1-66D6-4771-B92C-7F10ADC3E08B}.Ad-Hoc|x86.Build.0 = Release|x86
		{8437D4C1-66D6-4771-B92C-7F10ADC3E08B}.Ad-Hoc|x86.Deploy.0 = Release|x86
		{8437D4C1-66D6-4771-B92C-7F10ADC3E08B}.AppStore|Any CPU.ActiveCfg = Release|x86
		{8437D4C1-66D6-4771-B92C-7F10ADC3E08B}.AppStore|Any CPU.Build.0 = Release|x86
		{8437D4C1-66D6-4771-B92C-7F10ADC3E08B}.AppStore|Any CPU.Deploy.0 = Release|x86
		{8437D4C1-66D6-4771-B92C-7F10ADC3E08B}.AppStore|ARM.ActiveCfg = Release|ARM
		{8437D4C1-66D6-4771-B92C-7F10ADC3E08B}.AppStore|ARM.Build.0 = Release|ARM
		{8437D4C1-66D6-4771-B92C-7F10ADC3E08B}.AppStore|ARM.Deploy.0 = Release|ARM
		{8437D4C1-66D6-4771-B92C-7F10ADC3E08B}.AppStore|iPhone.ActiveCfg = Release|x86
		{8437D4C1-66D6-4771-B92C-7F10ADC3E08B}.AppStore|iPhone.Build.0 = Release|x86
		{8437D4C1-66D6-4771-B92C-7F10ADC3E08B}.AppStore|iPhone.Deploy.0 = Release|x86
		{8437D4C1-66D6-4771-B92C-7F10ADC3E08B}.AppStore|iPhoneSimulator.ActiveCfg = Release|x86
		{8437D4C1-66D6-4771-B92C-7F10ADC3E08B}.AppStore|iPhoneSimulator.Build.0 = Release|x86
		{8437D4C1-66D6-4771-B92C-7F10ADC3E08B}.AppStore|iPhoneSimulator.Deploy.0 = Release|x86
		{8437D4C1-66D6-4771-B92C-7F10ADC3E08B}.AppStore|x64.ActiveCfg = Release|x64
		{8437D4C1-66D6-4771-B92C-7F10ADC3E08B}.AppStore|x64.Build.0 = Release|x64
		{8437D4C1-66D6-4771-B92C-7F10ADC3E08B}.AppStore|x64.Deploy.0 = Release|x64
		{8437D4C1-66D6-4771-B92C-7F10ADC3E08B}.AppStore|x86.ActiveCfg = Release|x86
		{8437D4C1-66D6-4771-B92C-7F10ADC3E08B}.AppStore|x86.Build.0 = Release|x86
		{8437D4C1-66D6-4771-B92C-7F10ADC3E08B}.AppStore|x86.Deploy.0 = Release|x86
		{8437D4C1-66D6-4771-B92C-7F10ADC3E08B}.Debug|Any CPU.ActiveCfg = Debug|x86
		{8437D4C1-66D6-4771-B92C-7F10ADC3E08B}.Debug|Any CPU.Build.0 = Debug|x86
		{8437D4C1-66D6-4771-B92C-7F10ADC3E08B}.Debug|Any CPU.Deploy.0 = Debug|x86
		{8437D4C1-66D6-4771-B92C-7F10ADC3E08B}.Debug|ARM.ActiveCfg = Debug|ARM
		{8437D4C1-66D6-4771-B92C-7F10ADC3E08B}.Debug|ARM.Build.0 = Debug|ARM
		{8437D4C1-66D6-4771-B92C-7F10ADC3E08B}.Debug|ARM.Deploy.0 = Debug|ARM
		{8437D4C1-66D6-4771-B92C-7F10ADC3E08B}.Debug|iPhone.ActiveCfg = Debug|x86
		{8437D4C1-66D6-4771-B92C-7F10ADC3E08B}.Debug|iPhone.Build.0 = Debug|x86
		{8437D4C1-66D6-4771-B92C-7F10ADC3E08B}.Debug|iPhone.Deploy.0 = Debug|x86
		{8437D4C1-66D6-4771-B92C-7F10ADC3E08B}.Debug|iPhoneSimulator.ActiveCfg = Debug|x86
		{8437D4C1-66D6-4771-B92C-7F10ADC3E08B}.Debug|iPhoneSimulator.Build.0 = Debug|x86
		{8437D4C1-66D6-4771-B92C-7F10ADC3E08B}.Debug|iPhoneSimulator.Deploy.0 = Debug|x86
		{8437D4C1-66D6-4771-B92C-7F10ADC3E08B}.Debug|x64.ActiveCfg = Debug|x64
		{8437D4C1-66D6-4771-B92C-7F10ADC3E08B}.Debug|x64.Build.0 = Debug|x64
		{8437D4C1-66D6-4771-B92C-7F10ADC3E08B}.Debug|x64.Deploy.0 = Debug|x64
		{8437D4C1-66D6-4771-B92C-7F10ADC3E08B}.Debug|x86.ActiveCfg = Debug|x86
		{8437D4C1-66D6-4771-B92C-7F10ADC3E08B}.Debug|x86.Build.0 = Debug|x86
		{8437D4C1-66D6-4771-B92C-7F10ADC3E08B}.Debug|x86.Deploy.0 = Debug|x86
		{8437D4C1-66D6-4771-B92C-7F10ADC3E08B}.Release|Any CPU.ActiveCfg = Release|x86
		{8437D4C1-66D6-4771-B92C-7F10ADC3E08B}.Release|Any CPU.Build.0 = Release|x86
		{8437D4C1-66D6-4771-B92C-7F10ADC3E08B}.Release|Any CPU.Deploy.0 = Release|x86
		{8437D4C1-66D6-4771-B92C-7F10ADC3E08B}.Release|ARM.ActiveCfg = Release|ARM
		{8437D4C1-66D6-4771-B92C-7F10ADC3E08B}.Release|ARM.Build.0 = Release|ARM
		{8437D4C1-66D6-4771-B92C-7F10ADC3E08B}.Release|ARM.Deploy.0 = Release|ARM
		{8437D4C1-66D6-4771-B92C-7F10ADC3E08B}.Release|iPhone.ActiveCfg = Release|x86
		{8437D4C1-66D6-4771-B92C-7F10ADC3E08B}.Release|iPhone.Build.0 = Release|x86
		{8437D4C1-66D6-4771-B92C-7F10ADC3E08B}.Release|iPhone.Deploy.0 = Release|x86
		{8437D4C1-66D6-4771-B92C-7F10ADC3E08B}.Release|iPhoneSimulator.ActiveCfg = Release|x86
		{8437D4C1-66D6-4771-B92C-7F10ADC3E08B}.Release|iPhoneSimulator.Build.0 = Release|x86
		{8437D4C1-66D6-4771-B92C-7F10ADC3E08B}.Release|iPhoneSimulator.Deploy.0 = Release|x86
		{8437D4C1-66D6-4771-B92C-7F10ADC3E08B}.Release|x64.ActiveCfg = Release|x64
		{8437D4C1-66D6-4771-B92C-7F10ADC3E08B}.Release|x64.Build.0 = Release|x64
		{8437D4C1-66D6-4771-B92C-7F10ADC3E08B}.Release|x64.Deploy.0 = Release|x64
		{8437D4C1-66D6-4771-B92C-7F10ADC3E08B}.Release|x86.ActiveCfg = Release|x86
		{8437D4C1-66D6-4771-B92C-7F10ADC3E08B}.Release|x86.Build.0 = Release|x86
		{8437D4C1-66D6-4771-B92C-7F10ADC3E08B}.Release|x86.Deploy.0 = Release|x86
		{C88EEA0F-E732-4543-80FD-DC3BB0880825}.Ad-Hoc|Any CPU.ActiveCfg = Debug|Any CPU
		{C88EEA0F-E732-4543-80FD-DC3BB0880825}.Ad-Hoc|Any CPU.Build.0 = Debug|Any CPU
		{C88EEA0F-E732-4543-80FD-DC3BB0880825}.Ad-Hoc|Any CPU.Deploy.0 = Debug|Any CPU
		{C88EEA0F-E732-4543-80FD-DC3BB0880825}.Ad-Hoc|ARM.ActiveCfg = Debug|Any CPU
		{C88EEA0F-E732-4543-80FD-DC3BB0880825}.Ad-Hoc|ARM.Build.0 = Debug|Any CPU
		{C88EEA0F-E732-4543-80FD-DC3BB0880825}.Ad-Hoc|ARM.Deploy.0 = Debug|Any CPU
		{C88EEA0F-E732-4543-80FD-DC3BB0880825}.Ad-Hoc|iPhone.ActiveCfg = Debug|Any CPU
		{C88EEA0F-E732-4543-80FD-DC3BB0880825}.Ad-Hoc|iPhone.Build.0 = Debug|Any CPU
		{C88EEA0F-E732-4543-80FD-DC3BB0880825}.Ad-Hoc|iPhone.Deploy.0 = Debug|Any CPU
		{C88EEA0F-E732-4543-80FD-DC3BB0880825}.Ad-Hoc|iPhoneSimulator.ActiveCfg = Debug|Any CPU
		{C88EEA0F-E732-4543-80FD-DC3BB0880825}.Ad-Hoc|iPhoneSimulator.Build.0 = Debug|Any CPU
		{C88EEA0F-E732-4543-80FD-DC3BB0880825}.Ad-Hoc|iPhoneSimulator.Deploy.0 = Debug|Any CPU
		{C88EEA0F-E732-4543-80FD-DC3BB0880825}.Ad-Hoc|x64.ActiveCfg = Debug|Any CPU
		{C88EEA0F-E732-4543-80FD-DC3BB0880825}.Ad-Hoc|x64.Build.0 = Debug|Any CPU
		{C88EEA0F-E732-4543-80FD-DC3BB0880825}.Ad-Hoc|x64.Deploy.0 = Debug|Any CPU
		{C88EEA0F-E732-4543-80FD-DC3BB0880825}.Ad-Hoc|x86.ActiveCfg = Debug|Any CPU
		{C88EEA0F-E732-4543-80FD-DC3BB0880825}.Ad-Hoc|x86.Build.0 = Debug|Any CPU
		{C88EEA0F-E732-4543-80FD-DC3BB0880825}.Ad-Hoc|x86.Deploy.0 = Debug|Any CPU
		{C88EEA0F-E732-4543-80FD-DC3BB0880825}.AppStore|Any CPU.ActiveCfg = Debug|Any CPU
		{C88EEA0F-E732-4543-80FD-DC3BB0880825}.AppStore|Any CPU.Build.0 = Debug|Any CPU
		{C88EEA0F-E732-4543-80FD-DC3BB0880825}.AppStore|Any CPU.Deploy.0 = Debug|Any CPU
		{C88EEA0F-E732-4543-80FD-DC3BB0880825}.AppStore|ARM.ActiveCfg = Debug|Any CPU
		{C88EEA0F-E732-4543-80FD-DC3BB0880825}.AppStore|ARM.Build.0 = Debug|Any CPU
		{C88EEA0F-E732-4543-80FD-DC3BB0880825}.AppStore|ARM.Deploy.0 = Debug|Any CPU
		{C88EEA0F-E732-4543-80FD-DC3BB0880825}.AppStore|iPhone.ActiveCfg = Debug|Any CPU
		{C88EEA0F-E732-4543-80FD-DC3BB0880825}.AppStore|iPhone.Build.0 = Debug|Any CPU
		{C88EEA0F-E732-4543-80FD-DC3BB0880825}.AppStore|iPhone.Deploy.0 = Debug|Any CPU
		{C88EEA0F-E732-4543-80FD-DC3BB0880825}.AppStore|iPhoneSimulator.ActiveCfg = Debug|Any CPU
		{C88EEA0F-E732-4543-80FD-DC3BB0880825}.AppStore|iPhoneSimulator.Build.0 = Debug|Any CPU
		{C88EEA0F-E732-4543-80FD-DC3BB0880825}.AppStore|iPhoneSimulator.Deploy.0 = Debug|Any CPU
		{C88EEA0F-E732-4543-80FD-DC3BB0880825}.AppStore|x64.ActiveCfg = Debug|Any CPU
		{C88EEA0F-E732-4543-80FD-DC3BB0880825}.AppStore|x64.Build.0 = Debug|Any CPU
		{C88EEA0F-E732-4543-80FD-DC3BB0880825}.AppStore|x64.Deploy.0 = Debug|Any CPU
		{C88EEA0F-E732-4543-80FD-DC3BB0880825}.AppStore|x86.ActiveCfg = Debug|Any CPU
		{C88EEA0F-E732-4543-80FD-DC3BB0880825}.AppStore|x86.Build.0 = Debug|Any CPU
		{C88EEA0F-E732-4543-80FD-DC3BB0880825}.AppStore|x86.Deploy.0 = Debug|Any CPU
		{C88EEA0F-E732-4543-80FD-DC3BB0880825}.Debug|Any CPU.ActiveCfg = Debug|Any CPU
		{C88EEA0F-E732-4543-80FD-DC3BB0880825}.Debug|Any CPU.Build.0 = Debug|Any CPU
		{C88EEA0F-E732-4543-80FD-DC3BB0880825}.Debug|Any CPU.Deploy.0 = Debug|Any CPU
		{C88EEA0F-E732-4543-80FD-DC3BB0880825}.Debug|ARM.ActiveCfg = Debug|Any CPU
		{C88EEA0F-E732-4543-80FD-DC3BB0880825}.Debug|ARM.Build.0 = Debug|Any CPU
		{C88EEA0F-E732-4543-80FD-DC3BB0880825}.Debug|ARM.Deploy.0 = Debug|Any CPU
		{C88EEA0F-E732-4543-80FD-DC3BB0880825}.Debug|iPhone.ActiveCfg = Debug|Any CPU
		{C88EEA0F-E732-4543-80FD-DC3BB0880825}.Debug|iPhone.Build.0 = Debug|Any CPU
		{C88EEA0F-E732-4543-80FD-DC3BB0880825}.Debug|iPhone.Deploy.0 = Debug|Any CPU
		{C88EEA0F-E732-4543-80FD-DC3BB0880825}.Debug|iPhoneSimulator.ActiveCfg = Debug|Any CPU
		{C88EEA0F-E732-4543-80FD-DC3BB0880825}.Debug|iPhoneSimulator.Build.0 = Debug|Any CPU
		{C88EEA0F-E732-4543-80FD-DC3BB0880825}.Debug|iPhoneSimulator.Deploy.0 = Debug|Any CPU
		{C88EEA0F-E732-4543-80FD-DC3BB0880825}.Debug|x64.ActiveCfg = Debug|Any CPU
		{C88EEA0F-E732-4543-80FD-DC3BB0880825}.Debug|x64.Build.0 = Debug|Any CPU
		{C88EEA0F-E732-4543-80FD-DC3BB0880825}.Debug|x64.Deploy.0 = Debug|Any CPU
		{C88EEA0F-E732-4543-80FD-DC3BB0880825}.Debug|x86.ActiveCfg = Debug|Any CPU
		{C88EEA0F-E732-4543-80FD-DC3BB0880825}.Debug|x86.Build.0 = Debug|Any CPU
		{C88EEA0F-E732-4543-80FD-DC3BB0880825}.Debug|x86.Deploy.0 = Debug|Any CPU
		{C88EEA0F-E732-4543-80FD-DC3BB0880825}.Release|Any CPU.ActiveCfg = Release|Any CPU
		{C88EEA0F-E732-4543-80FD-DC3BB0880825}.Release|Any CPU.Build.0 = Release|Any CPU
		{C88EEA0F-E732-4543-80FD-DC3BB0880825}.Release|Any CPU.Deploy.0 = Release|Any CPU
		{C88EEA0F-E732-4543-80FD-DC3BB0880825}.Release|ARM.ActiveCfg = Release|Any CPU
		{C88EEA0F-E732-4543-80FD-DC3BB0880825}.Release|ARM.Build.0 = Release|Any CPU
		{C88EEA0F-E732-4543-80FD-DC3BB0880825}.Release|ARM.Deploy.0 = Release|Any CPU
		{C88EEA0F-E732-4543-80FD-DC3BB0880825}.Release|iPhone.ActiveCfg = Release|Any CPU
		{C88EEA0F-E732-4543-80FD-DC3BB0880825}.Release|iPhone.Build.0 = Release|Any CPU
		{C88EEA0F-E732-4543-80FD-DC3BB0880825}.Release|iPhone.Deploy.0 = Release|Any CPU
		{C88EEA0F-E732-4543-80FD-DC3BB0880825}.Release|iPhoneSimulator.ActiveCfg = Release|Any CPU
		{C88EEA0F-E732-4543-80FD-DC3BB0880825}.Release|iPhoneSimulator.Build.0 = Release|Any CPU
		{C88EEA0F-E732-4543-80FD-DC3BB0880825}.Release|iPhoneSimulator.Deploy.0 = Release|Any CPU
		{C88EEA0F-E732-4543-80FD-DC3BB0880825}.Release|x64.ActiveCfg = Release|Any CPU
		{C88EEA0F-E732-4543-80FD-DC3BB0880825}.Release|x64.Build.0 = Release|Any CPU
		{C88EEA0F-E732-4543-80FD-DC3BB0880825}.Release|x64.Deploy.0 = Release|Any CPU
		{C88EEA0F-E732-4543-80FD-DC3BB0880825}.Release|x86.ActiveCfg = Release|Any CPU
		{C88EEA0F-E732-4543-80FD-DC3BB0880825}.Release|x86.Build.0 = Release|Any CPU
		{C88EEA0F-E732-4543-80FD-DC3BB0880825}.Release|x86.Deploy.0 = Release|Any CPU
		{9B8EE955-FA5F-404C-81F6-19FF2D7F185B}.Ad-Hoc|Any CPU.ActiveCfg = Release|Any CPU
		{9B8EE955-FA5F-404C-81F6-19FF2D7F185B}.Ad-Hoc|Any CPU.Build.0 = Release|Any CPU
		{9B8EE955-FA5F-404C-81F6-19FF2D7F185B}.Ad-Hoc|ARM.ActiveCfg = Release|Any CPU
		{9B8EE955-FA5F-404C-81F6-19FF2D7F185B}.Ad-Hoc|ARM.Build.0 = Release|Any CPU
		{9B8EE955-FA5F-404C-81F6-19FF2D7F185B}.Ad-Hoc|iPhone.ActiveCfg = Release|Any CPU
		{9B8EE955-FA5F-404C-81F6-19FF2D7F185B}.Ad-Hoc|iPhone.Build.0 = Release|Any CPU
		{9B8EE955-FA5F-404C-81F6-19FF2D7F185B}.Ad-Hoc|iPhoneSimulator.ActiveCfg = Release|Any CPU
		{9B8EE955-FA5F-404C-81F6-19FF2D7F185B}.Ad-Hoc|iPhoneSimulator.Build.0 = Release|Any CPU
		{9B8EE955-FA5F-404C-81F6-19FF2D7F185B}.Ad-Hoc|x64.ActiveCfg = Release|Any CPU
		{9B8EE955-FA5F-404C-81F6-19FF2D7F185B}.Ad-Hoc|x64.Build.0 = Release|Any CPU
		{9B8EE955-FA5F-404C-81F6-19FF2D7F185B}.Ad-Hoc|x86.ActiveCfg = Release|Any CPU
		{9B8EE955-FA5F-404C-81F6-19FF2D7F185B}.Ad-Hoc|x86.Build.0 = Release|Any CPU
		{9B8EE955-FA5F-404C-81F6-19FF2D7F185B}.AppStore|Any CPU.ActiveCfg = Release|Any CPU
		{9B8EE955-FA5F-404C-81F6-19FF2D7F185B}.AppStore|Any CPU.Build.0 = Release|Any CPU
		{9B8EE955-FA5F-404C-81F6-19FF2D7F185B}.AppStore|ARM.ActiveCfg = Release|Any CPU
		{9B8EE955-FA5F-404C-81F6-19FF2D7F185B}.AppStore|ARM.Build.0 = Release|Any CPU
		{9B8EE955-FA5F-404C-81F6-19FF2D7F185B}.AppStore|iPhone.ActiveCfg = Release|Any CPU
		{9B8EE955-FA5F-404C-81F6-19FF2D7F185B}.AppStore|iPhone.Build.0 = Release|Any CPU
		{9B8EE955-FA5F-404C-81F6-19FF2D7F185B}.AppStore|iPhoneSimulator.ActiveCfg = Release|Any CPU
		{9B8EE955-FA5F-404C-81F6-19FF2D7F185B}.AppStore|iPhoneSimulator.Build.0 = Release|Any CPU
		{9B8EE955-FA5F-404C-81F6-19FF2D7F185B}.AppStore|x64.ActiveCfg = Release|Any CPU
		{9B8EE955-FA5F-404C-81F6-19FF2D7F185B}.AppStore|x64.Build.0 = Release|Any CPU
		{9B8EE955-FA5F-404C-81F6-19FF2D7F185B}.AppStore|x86.ActiveCfg = Release|Any CPU
		{9B8EE955-FA5F-404C-81F6-19FF2D7F185B}.AppStore|x86.Build.0 = Release|Any CPU
		{9B8EE955-FA5F-404C-81F6-19FF2D7F185B}.Debug|Any CPU.ActiveCfg = Debug|Any CPU
		{9B8EE955-FA5F-404C-81F6-19FF2D7F185B}.Debug|Any CPU.Build.0 = Debug|Any CPU
		{9B8EE955-FA5F-404C-81F6-19FF2D7F185B}.Debug|ARM.ActiveCfg = Debug|Any CPU
		{9B8EE955-FA5F-404C-81F6-19FF2D7F185B}.Debug|ARM.Build.0 = Debug|Any CPU
		{9B8EE955-FA5F-404C-81F6-19FF2D7F185B}.Debug|iPhone.ActiveCfg = Debug|Any CPU
		{9B8EE955-FA5F-404C-81F6-19FF2D7F185B}.Debug|iPhone.Build.0 = Debug|Any CPU
		{9B8EE955-FA5F-404C-81F6-19FF2D7F185B}.Debug|iPhoneSimulator.ActiveCfg = Debug|Any CPU
		{9B8EE955-FA5F-404C-81F6-19FF2D7F185B}.Debug|iPhoneSimulator.Build.0 = Debug|Any CPU
		{9B8EE955-FA5F-404C-81F6-19FF2D7F185B}.Debug|x64.ActiveCfg = Debug|Any CPU
		{9B8EE955-FA5F-404C-81F6-19FF2D7F185B}.Debug|x64.Build.0 = Debug|Any CPU
		{9B8EE955-FA5F-404C-81F6-19FF2D7F185B}.Debug|x86.ActiveCfg = Debug|Any CPU
		{9B8EE955-FA5F-404C-81F6-19FF2D7F185B}.Debug|x86.Build.0 = Debug|Any CPU
		{9B8EE955-FA5F-404C-81F6-19FF2D7F185B}.Release|Any CPU.ActiveCfg = Release|Any CPU
		{9B8EE955-FA5F-404C-81F6-19FF2D7F185B}.Release|Any CPU.Build.0 = Release|Any CPU
		{9B8EE955-FA5F-404C-81F6-19FF2D7F185B}.Release|ARM.ActiveCfg = Release|Any CPU
		{9B8EE955-FA5F-404C-81F6-19FF2D7F185B}.Release|ARM.Build.0 = Release|Any CPU
		{9B8EE955-FA5F-404C-81F6-19FF2D7F185B}.Release|iPhone.ActiveCfg = Release|Any CPU
		{9B8EE955-FA5F-404C-81F6-19FF2D7F185B}.Release|iPhone.Build.0 = Release|Any CPU
		{9B8EE955-FA5F-404C-81F6-19FF2D7F185B}.Release|iPhoneSimulator.ActiveCfg = Release|Any CPU
		{9B8EE955-FA5F-404C-81F6-19FF2D7F185B}.Release|iPhoneSimulator.Build.0 = Release|Any CPU
		{9B8EE955-FA5F-404C-81F6-19FF2D7F185B}.Release|x64.ActiveCfg = Release|Any CPU
		{9B8EE955-FA5F-404C-81F6-19FF2D7F185B}.Release|x64.Build.0 = Release|Any CPU
		{9B8EE955-FA5F-404C-81F6-19FF2D7F185B}.Release|x86.ActiveCfg = Release|Any CPU
		{9B8EE955-FA5F-404C-81F6-19FF2D7F185B}.Release|x86.Build.0 = Release|Any CPU
		{25D5F82E-0A78-4EEB-80C7-84766F4B474A}.Ad-Hoc|Any CPU.ActiveCfg = Release|Any CPU
		{25D5F82E-0A78-4EEB-80C7-84766F4B474A}.Ad-Hoc|Any CPU.Build.0 = Release|Any CPU
		{25D5F82E-0A78-4EEB-80C7-84766F4B474A}.Ad-Hoc|ARM.ActiveCfg = Release|Any CPU
		{25D5F82E-0A78-4EEB-80C7-84766F4B474A}.Ad-Hoc|ARM.Build.0 = Release|Any CPU
		{25D5F82E-0A78-4EEB-80C7-84766F4B474A}.Ad-Hoc|iPhone.ActiveCfg = Release|Any CPU
		{25D5F82E-0A78-4EEB-80C7-84766F4B474A}.Ad-Hoc|iPhone.Build.0 = Release|Any CPU
		{25D5F82E-0A78-4EEB-80C7-84766F4B474A}.Ad-Hoc|iPhoneSimulator.ActiveCfg = Release|Any CPU
		{25D5F82E-0A78-4EEB-80C7-84766F4B474A}.Ad-Hoc|iPhoneSimulator.Build.0 = Release|Any CPU
		{25D5F82E-0A78-4EEB-80C7-84766F4B474A}.Ad-Hoc|x64.ActiveCfg = Release|Any CPU
		{25D5F82E-0A78-4EEB-80C7-84766F4B474A}.Ad-Hoc|x64.Build.0 = Release|Any CPU
		{25D5F82E-0A78-4EEB-80C7-84766F4B474A}.Ad-Hoc|x86.ActiveCfg = Release|Any CPU
		{25D5F82E-0A78-4EEB-80C7-84766F4B474A}.Ad-Hoc|x86.Build.0 = Release|Any CPU
		{25D5F82E-0A78-4EEB-80C7-84766F4B474A}.AppStore|Any CPU.ActiveCfg = Release|Any CPU
		{25D5F82E-0A78-4EEB-80C7-84766F4B474A}.AppStore|Any CPU.Build.0 = Release|Any CPU
		{25D5F82E-0A78-4EEB-80C7-84766F4B474A}.AppStore|ARM.ActiveCfg = Release|Any CPU
		{25D5F82E-0A78-4EEB-80C7-84766F4B474A}.AppStore|ARM.Build.0 = Release|Any CPU
		{25D5F82E-0A78-4EEB-80C7-84766F4B474A}.AppStore|iPhone.ActiveCfg = Release|Any CPU
		{25D5F82E-0A78-4EEB-80C7-84766F4B474A}.AppStore|iPhone.Build.0 = Release|Any CPU
		{25D5F82E-0A78-4EEB-80C7-84766F4B474A}.AppStore|iPhoneSimulator.ActiveCfg = Release|Any CPU
		{25D5F82E-0A78-4EEB-80C7-84766F4B474A}.AppStore|iPhoneSimulator.Build.0 = Release|Any CPU
		{25D5F82E-0A78-4EEB-80C7-84766F4B474A}.AppStore|x64.ActiveCfg = Release|Any CPU
		{25D5F82E-0A78-4EEB-80C7-84766F4B474A}.AppStore|x64.Build.0 = Release|Any CPU
		{25D5F82E-0A78-4EEB-80C7-84766F4B474A}.AppStore|x86.ActiveCfg = Release|Any CPU
		{25D5F82E-0A78-4EEB-80C7-84766F4B474A}.AppStore|x86.Build.0 = Release|Any CPU
		{25D5F82E-0A78-4EEB-80C7-84766F4B474A}.Debug|Any CPU.ActiveCfg = Debug|Any CPU
		{25D5F82E-0A78-4EEB-80C7-84766F4B474A}.Debug|Any CPU.Build.0 = Debug|Any CPU
		{25D5F82E-0A78-4EEB-80C7-84766F4B474A}.Debug|ARM.ActiveCfg = Debug|Any CPU
		{25D5F82E-0A78-4EEB-80C7-84766F4B474A}.Debug|ARM.Build.0 = Debug|Any CPU
		{25D5F82E-0A78-4EEB-80C7-84766F4B474A}.Debug|iPhone.ActiveCfg = Debug|Any CPU
		{25D5F82E-0A78-4EEB-80C7-84766F4B474A}.Debug|iPhone.Build.0 = Debug|Any CPU
		{25D5F82E-0A78-4EEB-80C7-84766F4B474A}.Debug|iPhoneSimulator.ActiveCfg = Debug|Any CPU
		{25D5F82E-0A78-4EEB-80C7-84766F4B474A}.Debug|iPhoneSimulator.Build.0 = Debug|Any CPU
		{25D5F82E-0A78-4EEB-80C7-84766F4B474A}.Debug|x64.ActiveCfg = Debug|Any CPU
		{25D5F82E-0A78-4EEB-80C7-84766F4B474A}.Debug|x64.Build.0 = Debug|Any CPU
		{25D5F82E-0A78-4EEB-80C7-84766F4B474A}.Debug|x86.ActiveCfg = Debug|Any CPU
		{25D5F82E-0A78-4EEB-80C7-84766F4B474A}.Debug|x86.Build.0 = Debug|Any CPU
		{25D5F82E-0A78-4EEB-80C7-84766F4B474A}.Release|Any CPU.ActiveCfg = Release|Any CPU
		{25D5F82E-0A78-4EEB-80C7-84766F4B474A}.Release|Any CPU.Build.0 = Release|Any CPU
		{25D5F82E-0A78-4EEB-80C7-84766F4B474A}.Release|ARM.ActiveCfg = Release|Any CPU
		{25D5F82E-0A78-4EEB-80C7-84766F4B474A}.Release|ARM.Build.0 = Release|Any CPU
		{25D5F82E-0A78-4EEB-80C7-84766F4B474A}.Release|iPhone.ActiveCfg = Release|Any CPU
		{25D5F82E-0A78-4EEB-80C7-84766F4B474A}.Release|iPhone.Build.0 = Release|Any CPU
		{25D5F82E-0A78-4EEB-80C7-84766F4B474A}.Release|iPhoneSimulator.ActiveCfg = Release|Any CPU
		{25D5F82E-0A78-4EEB-80C7-84766F4B474A}.Release|iPhoneSimulator.Build.0 = Release|Any CPU
		{25D5F82E-0A78-4EEB-80C7-84766F4B474A}.Release|x64.ActiveCfg = Release|Any CPU
		{25D5F82E-0A78-4EEB-80C7-84766F4B474A}.Release|x64.Build.0 = Release|Any CPU
		{25D5F82E-0A78-4EEB-80C7-84766F4B474A}.Release|x86.ActiveCfg = Release|Any CPU
		{25D5F82E-0A78-4EEB-80C7-84766F4B474A}.Release|x86.Build.0 = Release|Any CPU
		{D5FEA565-A3BC-4F09-A9F4-076C45AF057C}.Ad-Hoc|Any CPU.ActiveCfg = Release|Any CPU
		{D5FEA565-A3BC-4F09-A9F4-076C45AF057C}.Ad-Hoc|Any CPU.Build.0 = Release|Any CPU
		{D5FEA565-A3BC-4F09-A9F4-076C45AF057C}.Ad-Hoc|ARM.ActiveCfg = Release|Any CPU
		{D5FEA565-A3BC-4F09-A9F4-076C45AF057C}.Ad-Hoc|ARM.Build.0 = Release|Any CPU
		{D5FEA565-A3BC-4F09-A9F4-076C45AF057C}.Ad-Hoc|iPhone.ActiveCfg = Release|Any CPU
		{D5FEA565-A3BC-4F09-A9F4-076C45AF057C}.Ad-Hoc|iPhone.Build.0 = Release|Any CPU
		{D5FEA565-A3BC-4F09-A9F4-076C45AF057C}.Ad-Hoc|iPhoneSimulator.ActiveCfg = Release|Any CPU
		{D5FEA565-A3BC-4F09-A9F4-076C45AF057C}.Ad-Hoc|iPhoneSimulator.Build.0 = Release|Any CPU
		{D5FEA565-A3BC-4F09-A9F4-076C45AF057C}.Ad-Hoc|x64.ActiveCfg = Release|Any CPU
		{D5FEA565-A3BC-4F09-A9F4-076C45AF057C}.Ad-Hoc|x64.Build.0 = Release|Any CPU
		{D5FEA565-A3BC-4F09-A9F4-076C45AF057C}.Ad-Hoc|x86.ActiveCfg = Release|Any CPU
		{D5FEA565-A3BC-4F09-A9F4-076C45AF057C}.Ad-Hoc|x86.Build.0 = Release|Any CPU
		{D5FEA565-A3BC-4F09-A9F4-076C45AF057C}.AppStore|Any CPU.ActiveCfg = Release|Any CPU
		{D5FEA565-A3BC-4F09-A9F4-076C45AF057C}.AppStore|Any CPU.Build.0 = Release|Any CPU
		{D5FEA565-A3BC-4F09-A9F4-076C45AF057C}.AppStore|ARM.ActiveCfg = Release|Any CPU
		{D5FEA565-A3BC-4F09-A9F4-076C45AF057C}.AppStore|ARM.Build.0 = Release|Any CPU
		{D5FEA565-A3BC-4F09-A9F4-076C45AF057C}.AppStore|iPhone.ActiveCfg = Release|Any CPU
		{D5FEA565-A3BC-4F09-A9F4-076C45AF057C}.AppStore|iPhone.Build.0 = Release|Any CPU
		{D5FEA565-A3BC-4F09-A9F4-076C45AF057C}.AppStore|iPhoneSimulator.ActiveCfg = Release|Any CPU
		{D5FEA565-A3BC-4F09-A9F4-076C45AF057C}.AppStore|iPhoneSimulator.Build.0 = Release|Any CPU
		{D5FEA565-A3BC-4F09-A9F4-076C45AF057C}.AppStore|x64.ActiveCfg = Release|Any CPU
		{D5FEA565-A3BC-4F09-A9F4-076C45AF057C}.AppStore|x64.Build.0 = Release|Any CPU
		{D5FEA565-A3BC-4F09-A9F4-076C45AF057C}.AppStore|x86.ActiveCfg = Release|Any CPU
		{D5FEA565-A3BC-4F09-A9F4-076C45AF057C}.AppStore|x86.Build.0 = Release|Any CPU
		{D5FEA565-A3BC-4F09-A9F4-076C45AF057C}.Debug|Any CPU.ActiveCfg = Debug|Any CPU
		{D5FEA565-A3BC-4F09-A9F4-076C45AF057C}.Debug|Any CPU.Build.0 = Debug|Any CPU
		{D5FEA565-A3BC-4F09-A9F4-076C45AF057C}.Debug|ARM.ActiveCfg = Debug|Any CPU
		{D5FEA565-A3BC-4F09-A9F4-076C45AF057C}.Debug|ARM.Build.0 = Debug|Any CPU
		{D5FEA565-A3BC-4F09-A9F4-076C45AF057C}.Debug|iPhone.ActiveCfg = Debug|Any CPU
		{D5FEA565-A3BC-4F09-A9F4-076C45AF057C}.Debug|iPhone.Build.0 = Debug|Any CPU
		{D5FEA565-A3BC-4F09-A9F4-076C45AF057C}.Debug|iPhoneSimulator.ActiveCfg = Debug|Any CPU
		{D5FEA565-A3BC-4F09-A9F4-076C45AF057C}.Debug|iPhoneSimulator.Build.0 = Debug|Any CPU
		{D5FEA565-A3BC-4F09-A9F4-076C45AF057C}.Debug|x64.ActiveCfg = Debug|Any CPU
		{D5FEA565-A3BC-4F09-A9F4-076C45AF057C}.Debug|x64.Build.0 = Debug|Any CPU
		{D5FEA565-A3BC-4F09-A9F4-076C45AF057C}.Debug|x86.ActiveCfg = Debug|Any CPU
		{D5FEA565-A3BC-4F09-A9F4-076C45AF057C}.Debug|x86.Build.0 = Debug|Any CPU
		{D5FEA565-A3BC-4F09-A9F4-076C45AF057C}.Release|Any CPU.ActiveCfg = Release|Any CPU
		{D5FEA565-A3BC-4F09-A9F4-076C45AF057C}.Release|Any CPU.Build.0 = Release|Any CPU
		{D5FEA565-A3BC-4F09-A9F4-076C45AF057C}.Release|ARM.ActiveCfg = Release|Any CPU
		{D5FEA565-A3BC-4F09-A9F4-076C45AF057C}.Release|ARM.Build.0 = Release|Any CPU
		{D5FEA565-A3BC-4F09-A9F4-076C45AF057C}.Release|iPhone.ActiveCfg = Release|Any CPU
		{D5FEA565-A3BC-4F09-A9F4-076C45AF057C}.Release|iPhone.Build.0 = Release|Any CPU
		{D5FEA565-A3BC-4F09-A9F4-076C45AF057C}.Release|iPhoneSimulator.ActiveCfg = Release|Any CPU
		{D5FEA565-A3BC-4F09-A9F4-076C45AF057C}.Release|iPhoneSimulator.Build.0 = Release|Any CPU
		{D5FEA565-A3BC-4F09-A9F4-076C45AF057C}.Release|x64.ActiveCfg = Release|Any CPU
		{D5FEA565-A3BC-4F09-A9F4-076C45AF057C}.Release|x64.Build.0 = Release|Any CPU
		{D5FEA565-A3BC-4F09-A9F4-076C45AF057C}.Release|x86.ActiveCfg = Release|Any CPU
		{D5FEA565-A3BC-4F09-A9F4-076C45AF057C}.Release|x86.Build.0 = Release|Any CPU
		{266B4931-4936-436C-83D5-2F75D7E13A33}.Ad-Hoc|Any CPU.ActiveCfg = Release|Any CPU
		{266B4931-4936-436C-83D5-2F75D7E13A33}.Ad-Hoc|Any CPU.Build.0 = Release|Any CPU
		{266B4931-4936-436C-83D5-2F75D7E13A33}.Ad-Hoc|ARM.ActiveCfg = Release|Any CPU
		{266B4931-4936-436C-83D5-2F75D7E13A33}.Ad-Hoc|ARM.Build.0 = Release|Any CPU
		{266B4931-4936-436C-83D5-2F75D7E13A33}.Ad-Hoc|iPhone.ActiveCfg = Release|Any CPU
		{266B4931-4936-436C-83D5-2F75D7E13A33}.Ad-Hoc|iPhone.Build.0 = Release|Any CPU
		{266B4931-4936-436C-83D5-2F75D7E13A33}.Ad-Hoc|iPhoneSimulator.ActiveCfg = Release|Any CPU
		{266B4931-4936-436C-83D5-2F75D7E13A33}.Ad-Hoc|iPhoneSimulator.Build.0 = Release|Any CPU
		{266B4931-4936-436C-83D5-2F75D7E13A33}.Ad-Hoc|x64.ActiveCfg = Release|Any CPU
		{266B4931-4936-436C-83D5-2F75D7E13A33}.Ad-Hoc|x64.Build.0 = Release|Any CPU
		{266B4931-4936-436C-83D5-2F75D7E13A33}.Ad-Hoc|x86.ActiveCfg = Release|Any CPU
		{266B4931-4936-436C-83D5-2F75D7E13A33}.Ad-Hoc|x86.Build.0 = Release|Any CPU
		{266B4931-4936-436C-83D5-2F75D7E13A33}.AppStore|Any CPU.ActiveCfg = Release|Any CPU
		{266B4931-4936-436C-83D5-2F75D7E13A33}.AppStore|Any CPU.Build.0 = Release|Any CPU
		{266B4931-4936-436C-83D5-2F75D7E13A33}.AppStore|ARM.ActiveCfg = Release|Any CPU
		{266B4931-4936-436C-83D5-2F75D7E13A33}.AppStore|ARM.Build.0 = Release|Any CPU
		{266B4931-4936-436C-83D5-2F75D7E13A33}.AppStore|iPhone.ActiveCfg = Release|Any CPU
		{266B4931-4936-436C-83D5-2F75D7E13A33}.AppStore|iPhone.Build.0 = Release|Any CPU
		{266B4931-4936-436C-83D5-2F75D7E13A33}.AppStore|iPhoneSimulator.ActiveCfg = Release|Any CPU
		{266B4931-4936-436C-83D5-2F75D7E13A33}.AppStore|iPhoneSimulator.Build.0 = Release|Any CPU
		{266B4931-4936-436C-83D5-2F75D7E13A33}.AppStore|x64.ActiveCfg = Release|Any CPU
		{266B4931-4936-436C-83D5-2F75D7E13A33}.AppStore|x64.Build.0 = Release|Any CPU
		{266B4931-4936-436C-83D5-2F75D7E13A33}.AppStore|x86.ActiveCfg = Release|Any CPU
		{266B4931-4936-436C-83D5-2F75D7E13A33}.AppStore|x86.Build.0 = Release|Any CPU
		{266B4931-4936-436C-83D5-2F75D7E13A33}.Debug|Any CPU.ActiveCfg = Debug|Any CPU
		{266B4931-4936-436C-83D5-2F75D7E13A33}.Debug|Any CPU.Build.0 = Debug|Any CPU
		{266B4931-4936-436C-83D5-2F75D7E13A33}.Debug|ARM.ActiveCfg = Debug|Any CPU
		{266B4931-4936-436C-83D5-2F75D7E13A33}.Debug|ARM.Build.0 = Debug|Any CPU
		{266B4931-4936-436C-83D5-2F75D7E13A33}.Debug|iPhone.ActiveCfg = Debug|Any CPU
		{266B4931-4936-436C-83D5-2F75D7E13A33}.Debug|iPhone.Build.0 = Debug|Any CPU
		{266B4931-4936-436C-83D5-2F75D7E13A33}.Debug|iPhoneSimulator.ActiveCfg = Debug|Any CPU
		{266B4931-4936-436C-83D5-2F75D7E13A33}.Debug|iPhoneSimulator.Build.0 = Debug|Any CPU
		{266B4931-4936-436C-83D5-2F75D7E13A33}.Debug|x64.ActiveCfg = Debug|Any CPU
		{266B4931-4936-436C-83D5-2F75D7E13A33}.Debug|x64.Build.0 = Debug|Any CPU
		{266B4931-4936-436C-83D5-2F75D7E13A33}.Debug|x86.ActiveCfg = Debug|Any CPU
		{266B4931-4936-436C-83D5-2F75D7E13A33}.Debug|x86.Build.0 = Debug|Any CPU
		{266B4931-4936-436C-83D5-2F75D7E13A33}.Release|Any CPU.ActiveCfg = Release|Any CPU
		{266B4931-4936-436C-83D5-2F75D7E13A33}.Release|Any CPU.Build.0 = Release|Any CPU
		{266B4931-4936-436C-83D5-2F75D7E13A33}.Release|ARM.ActiveCfg = Release|Any CPU
		{266B4931-4936-436C-83D5-2F75D7E13A33}.Release|ARM.Build.0 = Release|Any CPU
		{266B4931-4936-436C-83D5-2F75D7E13A33}.Release|iPhone.ActiveCfg = Release|Any CPU
		{266B4931-4936-436C-83D5-2F75D7E13A33}.Release|iPhone.Build.0 = Release|Any CPU
		{266B4931-4936-436C-83D5-2F75D7E13A33}.Release|iPhoneSimulator.ActiveCfg = Release|Any CPU
		{266B4931-4936-436C-83D5-2F75D7E13A33}.Release|iPhoneSimulator.Build.0 = Release|Any CPU
		{266B4931-4936-436C-83D5-2F75D7E13A33}.Release|x64.ActiveCfg = Release|Any CPU
		{266B4931-4936-436C-83D5-2F75D7E13A33}.Release|x64.Build.0 = Release|Any CPU
		{266B4931-4936-436C-83D5-2F75D7E13A33}.Release|x86.ActiveCfg = Release|Any CPU
		{266B4931-4936-436C-83D5-2F75D7E13A33}.Release|x86.Build.0 = Release|Any CPU
	EndGlobalSection
	GlobalSection(SolutionProperties) = preSolution
		HideSolutionNode = FALSE
	EndGlobalSection
	GlobalSection(ExtensibilityGlobals) = postSolution
		SolutionGuid = {B5CB2094-9425-4503-8ACF-57BF3E378754}
	EndGlobalSection
EndGlobal
